{
  "name": "@typeholes/tserr-ts-morph",
  "version": "0.0.1",
  "lockfileVersion": 3,
  "requires": true,
  "packages": {
    "": {
      "name": "@typeholes/tserr-ts-morph",
      "version": "0.0.1",
      "license": "MIT",
      "dependencies": {
        "@typeholes/tserr-common": "file:../tserr-common/typeholes-tserr-common-0.0.1.tgz"
      },
      "engines": {
        "vscode": "^1.44.0"
      }
    },
    "node_modules/@typeholes/tserr-common": {
      "version": "0.0.1",
      "resolved": "file:../tserr-common/typeholes-tserr-common-0.0.1.tgz",
      "integrity": "sha512-o8x3g7LwmS3d1TQjHjHDMrHkGUaF+EFqxnQKaAem5OioOHrhN3TN16c0gmAKp5KzpU1/5/Yv7fKjxxzyKl14cw==",
      "dependencies": {
        "@typeholes/tserr-common": "file:typeholes-tserr-common-0.0.1.tgz"
      }
    }
  }
}
