{
  "name": "@typeholes/tserr-common",
  "version": "0.0.1",
  "lockfileVersion": 3,
  "requires": true,
  "packages": {
    "": {
      "name": "@typeholes/tserr-common",
      "version": "0.0.1",
      "dependencies": {
        "@typeholes/tserr-common": "file:typeholes-tserr-common-0.0.1.tgz"
      }
    },
    "node_modules/@typeholes/tserr-common": {
      "version": "0.0.1",
      "resolved": "file:typeholes-tserr-common-0.0.1.tgz",
      "integrity": "sha512-iZsbryswSGkHqKYImWtACnNBaFh14pc9mlvq+3qZQLJTeXjtTM7veIZ3EaDIRn/8kmbX0xBpHuT+q2wbazdrcQ==",
      "dependencies": {
        "@typeholes/tserr-common": "file:typeholes-tserr-common-0.0.1.tgz"
      }
    }
  }
}
