{
  "name": "@typeholes/tserr-common",
  "version": "0.0.1",
  "lockfileVersion": 3,
  "requires": true,
  "packages": {
    "": {
      "name": "@typeholes/tserr-common",
      "version": "0.0.1",
      "dependencies": {
        "@typeholes/tserr-common": "file:typeholes-tserr-common-0.0.1.tgz"
      }
    },
    "node_modules/@typeholes/tserr-common": {
      "version": "0.0.1",
      "resolved": "file:typeholes-tserr-common-0.0.1.tgz",
      "integrity": "sha512-DDEFug0KwVwDuqLcE+IgDzm+ZJvY6fi33T1ASxsVPthCPw62fin31EE85F0eNgb9+xiFk4lZMSithl1TfKV/fg==",
      "dependencies": {
        "@typeholes/tserr-common": "file:typeholes-tserr-common-0.0.1.tgz"
      }
    }
  }
}
