{
  "name": "@typeholes/tserr-tslib",
  "version": "0.0.1",
  "lockfileVersion": 3,
  "requires": true,
  "packages": {
    "": {
      "name": "@typeholes/tserr-tslib",
      "version": "0.0.1",
      "dependencies": {
        "@typeholes/tserr-common": "file:../tserr-common/typeholes-tserr-common-0.0.1.tgz",
        "typescript": "file:../../../../TypeScript"
      }
    },
    "../../../../TypeScript": {
      "name": "typescript",
      "version": "5.4.0",
      "license": "Apache-2.0",
      "bin": {
        "tsc": "bin/tsc",
        "tsserver": "bin/tsserver"
      },
      "devDependencies": {
        "@esfx/canceltoken": "^1.0.0",
        "@octokit/rest": "^19.0.13",
        "@types/chai": "^4.3.4",
        "@types/glob": "^8.1.0",
        "@types/microsoft__typescript-etw": "^0.1.1",
        "@types/minimist": "^1.2.2",
        "@types/mocha": "^10.0.1",
        "@types/ms": "^0.7.31",
        "@types/node": "latest",
        "@types/source-map-support": "^0.5.6",
        "@types/which": "^2.0.1",
        "@typescript-eslint/eslint-plugin": "^6.0.0",
        "@typescript-eslint/parser": "^6.0.0",
        "@typescript-eslint/utils": "^6.0.0",
        "azure-devops-node-api": "^12.0.0",
        "c8": "^7.14.0",
        "chai": "^4.3.7",
        "chalk": "^4.1.2",
        "chokidar": "^3.5.3",
        "diff": "^5.1.0",
        "dprint": "^0.42.3",
        "esbuild": "^0.19.0",
        "eslint": "^8.22.0",
        "eslint-formatter-autolinkable-stylish": "^1.2.0",
        "eslint-plugin-local": "^1.0.0",
        "eslint-plugin-no-null": "^1.0.2",
        "eslint-plugin-simple-import-sort": "^10.0.0",
        "fast-xml-parser": "^4.0.11",
        "glob": "^8.1.0",
        "hereby": "^1.6.4",
        "jsonc-parser": "^3.2.0",
        "minimist": "^1.2.8",
        "mocha": "^10.2.0",
        "mocha-fivemat-progress-reporter": "^0.1.0",
        "ms": "^2.1.3",
        "node-fetch": "^3.2.10",
        "playwright": "^1.38.0",
        "source-map-support": "^0.5.21",
        "tslib": "^2.5.0",
        "typescript": "^5.0.2",
        "which": "^2.0.2"
      },
      "engines": {
        "node": ">=14.17"
      }
    },
    "node_modules/@typeholes/tserr-common": {
      "version": "0.0.1",
      "resolved": "file:../tserr-common/typeholes-tserr-common-0.0.1.tgz",
      "integrity": "sha512-UxImM3wldU9oU77Ah7/5pqDyifEP7c2SnHxhGt1aZjia7NNW5iGN2HqFIF6Q/UCNkerPBq/BXg1My4Q0fc/WkQ=="
    },
    "node_modules/typescript": {
      "resolved": "../../../../TypeScript",
      "link": true
    }
  }
}
